
Microsoft Visual Studio Solution File, Format Version 12.00
# Visual Studio 15
VisualStudioVersion = 15.0.28307.438
MinimumVisualStudioVersion = 10.0.40219.1
Project("{FAE04EC0-301F-11D3-BF4B-00C04F79EFBC}") = "VMS", "VMS\VMS.csproj", "{F3451163-61D4-40EB-BF97-349855859BDF}"
EndProject
Project("{FAE04EC0-301F-11D3-BF4B-00C04F79EFBC}") = "Server", "Server\Server.csproj", "{B52AA954-5975-4476-A0D1-48A6EBA65BEA}"
EndProject
Project("{FAE04EC0-301F-11D3-BF4B-00C04F79EFBC}") = "PackTool", "PackTool\PackTool.csproj", "{B85B00B0-C148-4314-BA97-EC9B736A4F82}"
EndProject
Global
	GlobalSection(SolutionConfigurationPlatforms) = preSolution
		Debug|Any CPU = Debug|Any CPU
		Release|Any CPU = Release|Any CPU
	EndGlobalSection
	GlobalSection(ProjectConfigurationPlatforms) = postSolution
		{F3451163-61D4-40EB-BF97-349855859BDF}.Debug|Any CPU.ActiveCfg = Debug|Any CPU
		{F3451163-61D4-40EB-BF97-349855859BDF}.Debug|Any CPU.Build.0 = Debug|Any CPU
		{F3451163-61D4-40EB-BF97-349855859BDF}.Release|Any CPU.ActiveCfg = Release|Any CPU
		{F3451163-61D4-40EB-BF97-349855859BDF}.Release|Any CPU.Build.0 = Release|Any CPU
		{B52AA954-5975-4476-A0D1-48A6EBA65BEA}.Debug|Any CPU.ActiveCfg = Debug|Any CPU
		{B52AA954-5975-4476-A0D1-48A6EBA65BEA}.Debug|Any CPU.Build.0 = Debug|Any CPU
		{B52AA954-5975-4476-A0D1-48A6EBA65BEA}.Release|Any CPU.ActiveCfg = Release|Any CPU
		{B52AA954-5975-4476-A0D1-48A6EBA65BEA}.Release|Any CPU.Build.0 = Release|Any CPU
		{B85B00B0-C148-4314-BA97-EC9B736A4F82}.Debug|Any CPU.ActiveCfg = Debug|Any CPU
		{B85B00B0-C148-4314-BA97-EC9B736A4F82}.Debug|Any CPU.Build.0 = Debug|Any CPU
		{B85B00B0-C148-4314-BA97-EC9B736A4F82}.Release|Any CPU.ActiveCfg = Release|Any CPU
		{B85B00B0-C148-4314-BA97-EC9B736A4F82}.Release|Any CPU.Build.0 = Release|Any CPU
	EndGlobalSection
	GlobalSection(SolutionProperties) = preSolution
		HideSolutionNode = FALSE
	EndGlobalSection
	GlobalSection(ExtensibilityGlobals) = postSolution
		SolutionGuid = {7A5F83D6-0ED8-45E1-B034-A08A51BF8048}
	EndGlobalSection
EndGlobal
